
Microsoft Visual Studio Solution File, Format Version 12.00
# Visual Studio Version 17
VisualStudioVersion = 17.10.35013.160
MinimumVisualStudioVersion = 10.0.40219.1
Project("{9A19103F-16F7-4668-BE54-9A1E7A4F7556}") = "Calculator", "Calculator\Calculator.csproj", "{4D64EB20-886B-4EB3-BB6C-269D542143B1}"
EndProject
Project("{9A19103F-16F7-4668-BE54-9A1E7A4F7556}") = "CalcTests", "CalcTests\CalcTests.csproj", "{D8D77911-FD44-4EAF-AEA3-C90B88660164}"
EndProject
Project("{FAE04EC0-301F-11D3-BF4B-00C04F79EFBC}") = "CalcCore", "CalcCore\CalcCore.csproj", "{38852DAC-6219-49E6-B879-3C5E277CF076}"
EndProject
Global
	GlobalSection(SolutionConfigurationPlatforms) = preSolution
		Debug|Any CPU = Debug|Any CPU
		Release|Any CPU = Release|Any CPU
	EndGlobalSection
	GlobalSection(ProjectConfigurationPlatforms) = postSolution
		{4D64EB20-886B-4EB3-BB6C-269D542143B1}.Debug|Any CPU.ActiveCfg = Debug|Any CPU
		{4D64EB20-886B-4EB3-BB6C-269D542143B1}.Debug|Any CPU.Build.0 = Debug|Any CPU
		{4D64EB20-886B-4EB3-BB6C-269D542143B1}.Debug|Any CPU.Deploy.0 = Debug|Any CPU
		{4D64EB20-886B-4EB3-BB6C-269D542143B1}.Release|Any CPU.ActiveCfg = Release|Any CPU
		{4D64EB20-886B-4EB3-BB6C-269D542143B1}.Release|Any CPU.Build.0 = Release|Any CPU
		{4D64EB20-886B-4EB3-BB6C-269D542143B1}.Release|Any CPU.Deploy.0 = Release|Any CPU
		{D8D77911-FD44-4EAF-AEA3-C90B88660164}.Debug|Any CPU.ActiveCfg = Debug|Any CPU
		{D8D77911-FD44-4EAF-AEA3-C90B88660164}.Debug|Any CPU.Build.0 = Debug|Any CPU
		{D8D77911-FD44-4EAF-AEA3-C90B88660164}.Release|Any CPU.ActiveCfg = Release|Any CPU
		{D8D77911-FD44-4EAF-AEA3-C90B88660164}.Release|Any CPU.Build.0 = Release|Any CPU
		{38852DAC-6219-49E6-B879-3C5E277CF076}.Debug|Any CPU.ActiveCfg = Debug|Any CPU
		{38852DAC-6219-49E6-B879-3C5E277CF076}.Debug|Any CPU.Build.0 = Debug|Any CPU
		{38852DAC-6219-49E6-B879-3C5E277CF076}.Release|Any CPU.ActiveCfg = Release|Any CPU
		{38852DAC-6219-49E6-B879-3C5E277CF076}.Release|Any CPU.Build.0 = Release|Any CPU
	EndGlobalSection
	GlobalSection(SolutionProperties) = preSolution
		HideSolutionNode = FALSE
	EndGlobalSection
	GlobalSection(ExtensibilityGlobals) = postSolution
		SolutionGuid = {4FF79684-C374-465B-96A0-0C9017AF076D}
	EndGlobalSection
EndGlobal
